
Microsoft Visual Studio Solution File, Format Version 12.00
# Visual Studio Version 17
VisualStudioVersion = 17.4.33205.214
MinimumVisualStudioVersion = 10.0.40219.1
Project("{FAE04EC0-301F-11D3-BF4B-00C04F79EFBC}") = "Framework", "Framework\Framework.csproj", "{D4EB0F1F-CC41-40FE-9AD5-131025F31043}"
EndProject
Project("{FAE04EC0-301F-11D3-BF4B-00C04F79EFBC}") = "Tests", "Tests\Tests.csproj", "{1CB458B6-9F42-4197-95D8-8CA3FDF82430}"
EndProject
Global
	GlobalSection(SolutionConfigurationPlatforms) = preSolution
		Debug|Any CPU = Debug|Any CPU
		Release|Any CPU = Release|Any CPU
	EndGlobalSection
	GlobalSection(ProjectConfigurationPlatforms) = postSolution
		{D4EB0F1F-CC41-40FE-9AD5-131025F31043}.Debug|Any CPU.ActiveCfg = Debug|Any CPU
		{D4EB0F1F-CC41-40FE-9AD5-131025F31043}.Debug|Any CPU.Build.0 = Debug|Any CPU
		{D4EB0F1F-CC41-40FE-9AD5-131025F31043}.Release|Any CPU.ActiveCfg = Release|Any CPU
		{D4EB0F1F-CC41-40FE-9AD5-131025F31043}.Release|Any CPU.Build.0 = Release|Any CPU
		{1CB458B6-9F42-4197-95D8-8CA3FDF82430}.Debug|Any CPU.ActiveCfg = Debug|Any CPU
		{1CB458B6-9F42-4197-95D8-8CA3FDF82430}.Debug|Any CPU.Build.0 = Debug|Any CPU
		{1CB458B6-9F42-4197-95D8-8CA3FDF82430}.Release|Any CPU.ActiveCfg = Release|Any CPU
		{1CB458B6-9F42-4197-95D8-8CA3FDF82430}.Release|Any CPU.Build.0 = Release|Any CPU
	EndGlobalSection
	GlobalSection(SolutionProperties) = preSolution
		HideSolutionNode = FALSE
	EndGlobalSection
	GlobalSection(ExtensibilityGlobals) = postSolution
		SolutionGuid = {7E771D76-56F4-44DA-8439-AEEC7628C6E3}
	EndGlobalSection
EndGlobal
